
Microsoft Visual Studio Solution File, Format Version 12.00
# Visual Studio Version 17
VisualStudioVersion = 17.11.35208.52
MinimumVisualStudioVersion = 10.0.40219.1
Project("{9A19103F-16F7-4668-BE54-9A1E7A4F7556}") = "NpgsqlNotifyListen", "src\NpgsqlNotifyListen\NpgsqlNotifyListen.csproj", "{3CE2DE61-2F5B-410D-89D9-29D09DCCE716}"
EndProject
Global
	GlobalSection(SolutionConfigurationPlatforms) = preSolution
		Debug|Any CPU = Debug|Any CPU
		Release|Any CPU = Release|Any CPU
	EndGlobalSection
	GlobalSection(ProjectConfigurationPlatforms) = postSolution
		{3CE2DE61-2F5B-410D-89D9-29D09DCCE716}.Debug|Any CPU.ActiveCfg = Debug|Any CPU
		{3CE2DE61-2F5B-410D-89D9-29D09DCCE716}.Debug|Any CPU.Build.0 = Debug|Any CPU
		{3CE2DE61-2F5B-410D-89D9-29D09DCCE716}.Release|Any CPU.ActiveCfg = Release|Any CPU
		{3CE2DE61-2F5B-410D-89D9-29D09DCCE716}.Release|Any CPU.Build.0 = Release|Any CPU
	EndGlobalSection
	GlobalSection(SolutionProperties) = preSolution
		HideSolutionNode = FALSE
	EndGlobalSection
	GlobalSection(ExtensibilityGlobals) = postSolution
		SolutionGuid = {181C5CCC-907B-4EE8-B922-96B5E00A7423}
	EndGlobalSection
EndGlobal
